// !$*UTF8*$!
{
	archiveVersion = 1;
	classes = {
	};
	objectVersion = 77;
	objects = {

/* Begin PBXBuildFile section */
		7627CAC42E479B1A0098B7F3 /* WidgetKit.framework in Frameworks */ = {isa = PBXBuildFile; fileRef = 7627CAC32E479B190098B7F3 /* WidgetKit.framework */; };
		7627CAC62E479B1A0098B7F3 /* SwiftUI.framework in Frameworks */ = {isa = PBXBuildFile; fileRef = 7627CAC52E479B1A0098B7F3 /* SwiftUI.framework */; };
		7627CAD42E479B1B0098B7F3 /* AUDNPRwidgetExtension.appex in Embed Foundation Extensions */ = {isa = PBXBuildFile; fileRef = 7627CAC12E479B190098B7F3 /* AUDNPRwidgetExtension.appex */; settings = {ATTRIBUTES = (RemoveHeadersOnCopy, ); }; };
		7627CADC2E479BD10098B7F3 /* RateFetcher.swift in Sources */ = {isa = PBXBuildFile; fileRef = 7627CADB2E479BD10098B7F3 /* RateFetcher.swift */; };
		7627CADD2E479BD10098B7F3 /* RateFetcher.swift in Sources */ = {isa = PBXBuildFile; fileRef = 7627CADB2E479BD10098B7F3 /* RateFetcher.swift */; };
/* End PBXBuildFile section */

/* Begin PBXContainerItemProxy section */
		7627CAD22E479B1B0098B7F3 /* PBXContainerItemProxy */ = {
			isa = PBXContainerItemProxy;
			containerPortal = 7627CAA62E479AF30098B7F3 /* Project object */;
			proxyType = 1;
			remoteGlobalIDString = 7627CAC02E479B190098B7F3;
			remoteInfo = AUDNPRwidgetExtension;
		};
/* End PBXContainerItemProxy section */

/* Begin PBXCopyFilesBuildPhase section */
		7627CAD92E479B1B0098B7F3 /* Embed Foundation Extensions */ = {
			isa = PBXCopyFilesBuildPhase;
			buildActionMask = 2147483647;
			dstPath = "";
			dstSubfolderSpec = 13;
			files = (
				7627CAD42E479B1B0098B7F3 /* AUDNPRwidgetExtension.appex in Embed Foundation Extensions */,
			);
			name = "Embed Foundation Extensions";
			runOnlyForDeploymentPostprocessing = 0;
		};
/* End PBXCopyFilesBuildPhase section */

/* Begin PBXFileReference section */
		7627CAAE2E479AF30098B7F3 /* AUDNPR.app */ = {isa = PBXFileReference; explicitFileType = wrapper.application; includeInIndex = 0; path = AUDNPR.app; sourceTree = BUILT_PRODUCTS_DIR; };
		7627CAC12E479B190098B7F3 /* AUDNPRwidgetExtension.appex */ = {isa = PBXFileReference; explicitFileType = "wrapper.app-extension"; includeInIndex = 0; path = AUDNPRwidgetExtension.appex; sourceTree = BUILT_PRODUCTS_DIR; };
		7627CAC32E479B190098B7F3 /* WidgetKit.framework */ = {isa = PBXFileReference; lastKnownFileType = wrapper.framework; name = WidgetKit.framework; path = System/Library/Frameworks/WidgetKit.framework; sourceTree = SDKROOT; };
		7627CAC52E479B1A0098B7F3 /* SwiftUI.framework */ = {isa = PBXFileReference; lastKnownFileType = wrapper.framework; name = SwiftUI.framework; path = System/Library/Frameworks/SwiftUI.framework; sourceTree = SDKROOT; };
		7627CADB2E479BD10098B7F3 /* RateFetcher.swift */ = {isa = PBXFileReference; lastKnownFileType = sourcecode.swift; path = RateFetcher.swift; sourceTree = "<group>"; };
/* End PBXFileReference section */

/* Begin PBXFileSystemSynchronizedBuildFileExceptionSet section */
		7627CAD52E479B1B0098B7F3 /* Exceptions for "AUDNPRwidget" folder in "AUDNPRwidgetExtension" target */ = {
			isa = PBXFileSystemSynchronizedBuildFileExceptionSet;
			membershipExceptions = (
				Info.plist,
			);
			target = 7627CAC02E479B190098B7F3 /* AUDNPRwidgetExtension */;
		};
/* End PBXFileSystemSynchronizedBuildFileExceptionSet section */

/* Begin PBXFileSystemSynchronizedRootGroup section */
		7627CAB02E479AF30098B7F3 /* AUDNPR */ = {
			isa = PBXFileSystemSynchronizedRootGroup;
			path = AUDNPR;
			sourceTree = "<group>";
		};
		7627CAC72E479B1A0098B7F3 /* AUDNPRwidget */ = {
			isa = PBXFileSystemSynchronizedRootGroup;
			exceptions = (
				7627CAD52E479B1B0098B7F3 /* Exceptions for "AUDNPRwidget" folder in "AUDNPRwidgetExtension" target */,
			);
			path = AUDNPRwidget;
			sourceTree = "<group>";
		};
/* End PBXFileSystemSynchronizedRootGroup section */

/* Begin PBXFrameworksBuildPhase section */
		7627CAAB2E479AF30098B7F3 /* Frameworks */ = {
			isa = PBXFrameworksBuildPhase;
			buildActionMask = 2147483647;
			files = (
			);
			runOnlyForDeploymentPostprocessing = 0;
		};
		7627CABE2E479B190098B7F3 /* Frameworks */ = {
			isa = PBXFrameworksBuildPhase;
			buildActionMask = 2147483647;
			files = (
				7627CAC62E479B1A0098B7F3 /* SwiftUI.framework in Frameworks */,
				7627CAC42E479B1A0098B7F3 /* WidgetKit.framework in Frameworks */,
			);
			runOnlyForDeploymentPostprocessing = 0;
		};
/* End PBXFrameworksBuildPhase section */

/* Begin PBXGroup section */
		7627CAA52E479AF30098B7F3 = {
			isa = PBXGroup;
			children = (
				7627CADA2E479B8F0098B7F3 /* Shared */,
				7627CAB02E479AF30098B7F3 /* AUDNPR */,
				7627CAC72E479B1A0098B7F3 /* AUDNPRwidget */,
				7627CAC22E479B190098B7F3 /* Frameworks */,
				7627CAAF2E479AF30098B7F3 /* Products */,
			);
			sourceTree = "<group>";
		};
		7627CAAF2E479AF30098B7F3 /* Products */ = {
			isa = PBXGroup;
			children = (
				7627CAAE2E479AF30098B7F3 /* AUDNPR.app */,
				7627CAC12E479B190098B7F3 /* AUDNPRwidgetExtension.appex */,
			);
			name = Products;
			sourceTree = "<group>";
		};
		7627CAC22E479B190098B7F3 /* Frameworks */ = {
			isa = PBXGroup;
			children = (
				7627CAC32E479B190098B7F3 /* WidgetKit.framework */,
				7627CAC52E479B1A0098B7F3 /* SwiftUI.framework */,
			);
			name = Frameworks;
			sourceTree = "<group>";
		};
		7627CADA2E479B8F0098B7F3 /* Shared */ = {
			isa = PBXGroup;
			children = (
				7627CADB2E479BD10098B7F3 /* RateFetcher.swift */,
			);
			path = Shared;
			sourceTree = "<group>";
		};
/* End PBXGroup section */

/* Begin PBXNativeTarget section */
		7627CAAD2E479AF30098B7F3 /* AUDNPR */ = {
			isa = PBXNativeTarget;
			buildConfigurationList = 7627CABA2E479AF60098B7F3 /* Build configuration list for PBXNativeTarget "AUDNPR" */;
			buildPhases = (
				7627CAAA2E479AF30098B7F3 /* Sources */,
				7627CAAB2E479AF30098B7F3 /* Frameworks */,
				7627CAAC2E479AF30098B7F3 /* Resources */,
				7627CAD92E479B1B0098B7F3 /* Embed Foundation Extensions */,
			);
			buildRules = (
			);
			dependencies = (
				7627CAD32E479B1B0098B7F3 /* PBXTargetDependency */,
			);
			fileSystemSynchronizedGroups = (
				7627CAB02E479AF30098B7F3 /* AUDNPR */,
			);
			name = AUDNPR;
			packageProductDependencies = (
			);
			productName = AUDNPR;
			productReference = 7627CAAE2E479AF30098B7F3 /* AUDNPR.app */;
			productType = "com.apple.product-type.application";
		};
		7627CAC02E479B190098B7F3 /* AUDNPRwidgetExtension */ = {
			isa = PBXNativeTarget;
			buildConfigurationList = 7627CAD62E479B1B0098B7F3 /* Build configuration list for PBXNativeTarget "AUDNPRwidgetExtension" */;
			buildPhases = (
				7627CABD2E479B190098B7F3 /* Sources */,
				7627CABE2E479B190098B7F3 /* Frameworks */,
				7627CABF2E479B190098B7F3 /* Resources */,
			);
			buildRules = (
			);
			dependencies = (
			);
			fileSystemSynchronizedGroups = (
				7627CAC72E479B1A0098B7F3 /* AUDNPRwidget */,
			);
			name = AUDNPRwidgetExtension;
			packageProductDependencies = (
			);
			productName = AUDNPRwidgetExtension;
			productReference = 7627CAC12E479B190098B7F3 /* AUDNPRwidgetExtension.appex */;
			productType = "com.apple.product-type.app-extension";
		};
/* End PBXNativeTarget section */

/* Begin PBXProject section */
		7627CAA62E479AF30098B7F3 /* Project object */ = {
			isa = PBXProject;
			attributes = {
				BuildIndependentTargetsInParallel = 1;
				LastSwiftUpdateCheck = 1640;
				LastUpgradeCheck = 1640;
				TargetAttributes = {
					7627CAAD2E479AF30098B7F3 = {
						CreatedOnToolsVersion = 16.4;
					};
					7627CAC02E479B190098B7F3 = {
						CreatedOnToolsVersion = 16.4;
					};
				};
			};
			buildConfigurationList = 7627CAA92E479AF30098B7F3 /* Build configuration list for PBXProject "AUDNPR" */;
			developmentRegion = en;
			hasScannedForEncodings = 0;
			knownRegions = (
				en,
				Base,
			);
			mainGroup = 7627CAA52E479AF30098B7F3;
			minimizedProjectReferenceProxies = 1;
			preferredProjectObjectVersion = 77;
			productRefGroup = 7627CAAF2E479AF30098B7F3 /* Products */;
			projectDirPath = "";
			projectRoot = "";
			targets = (
				7627CAAD2E479AF30098B7F3 /* AUDNPR */,
				7627CAC02E479B190098B7F3 /* AUDNPRwidgetExtension */,
			);
		};
/* End PBXProject section */

/* Begin PBXResourcesBuildPhase section */
		7627CAAC2E479AF30098B7F3 /* Resources */ = {
			isa = PBXResourcesBuildPhase;
			buildActionMask = 2147483647;
			files = (
			);
			runOnlyForDeploymentPostprocessing = 0;
		};
		7627CABF2E479B190098B7F3 /* Resources */ = {
			isa = PBXResourcesBuildPhase;
			buildActionMask = 2147483647;
			files = (
			);
			runOnlyForDeploymentPostprocessing = 0;
		};
/* End PBXResourcesBuildPhase section */

/* Begin PBXSourcesBuildPhase section */
		7627CAAA2E479AF30098B7F3 /* Sources */ = {
			isa = PBXSourcesBuildPhase;
			buildActionMask = 2147483647;
			files = (
				7627CADC2E479BD10098B7F3 /* RateFetcher.swift in Sources */,
			);
			runOnlyForDeploymentPostprocessing = 0;
		};
		7627CABD2E479B190098B7F3 /* Sources */ = {
			isa = PBXSourcesBuildPhase;
			buildActionMask = 2147483647;
			files = (
				7627CADD2E479BD10098B7F3 /* RateFetcher.swift in Sources */,
			);
			runOnlyForDeploymentPostprocessing = 0;
		};
/* End PBXSourcesBuildPhase section */

/* Begin PBXTargetDependency section */
		7627CAD32E479B1B0098B7F3 /* PBXTargetDependency */ = {
			isa = PBXTargetDependency;
			target = 7627CAC02E479B190098B7F3 /* AUDNPRwidgetExtension */;
			targetProxy = 7627CAD22E479B1B0098B7F3 /* PBXContainerItemProxy */;
		};
/* End PBXTargetDependency section */

/* Begin XCBuildConfiguration section */
		7627CAB82E479AF60098B7F3 /* Debug */ = {
			isa = XCBuildConfiguration;
			buildSettings = {
				ALWAYS_SEARCH_USER_PATHS = NO;
				ASSETCATALOG_COMPILER_GENERATE_SWIFT_ASSET_SYMBOL_EXTENSIONS = YES;
				CLANG_ANALYZER_NONNULL = YES;
				CLANG_ANALYZER_NUMBER_OBJECT_CONVERSION = YES_AGGRESSIVE;
				CLANG_CXX_LANGUAGE_STANDARD = "gnu++20";
				CLANG_ENABLE_MODULES = YES;
				CLANG_ENABLE_OBJC_ARC = YES;
				CLANG_ENABLE_OBJC_WEAK = YES;
				CLANG_WARN_BLOCK_CAPTURE_AUTORELEASING = YES;
				CLANG_WARN_BOOL_CONVERSION = YES;
				CLANG_WARN_COMMA = YES;
				CLANG_WARN_CONSTANT_CONVERSION = YES;
				CLANG_WARN_DEPRECATED_OBJC_IMPLEMENTATIONS = YES;
				CLANG_WARN_DIRECT_OBJC_ISA_USAGE = YES_ERROR;
				CLANG_WARN_DOCUMENTATION_COMMENTS = YES;
				CLANG_WARN_EMPTY_BODY = YES;
				CLANG_WARN_ENUM_CONVERSION = YES;
				CLANG_WARN_INFINITE_RECURSION = YES;
				CLANG_WARN_INT_CONVERSION = YES;
				CLANG_WARN_NON_LITERAL_NULL_CONVERSION = YES;
				CLANG_WARN_OBJC_IMPLICIT_RETAIN_SELF = YES;
				CLANG_WARN_OBJC_LITERAL_CONVERSION = YES;
				CLANG_WARN_OBJC_ROOT_CLASS = YES_ERROR;
				CLANG_WARN_QUOTED_INCLUDE_IN_FRAMEWORK_HEADER = YES;
				CLANG_WARN_RANGE_LOOP_ANALYSIS = YES;
				CLANG_WARN_STRICT_PROTOTYPES = YES;
				CLANG_WARN_SUSPICIOUS_MOVE = YES;
				CLANG_WARN_UNGUARDED_AVAILABILITY = YES_AGGRESSIVE;
				CLANG_WARN_UNREACHABLE_CODE = YES;
				CLANG_WARN__DUPLICATE_METHOD_MATCH = YES;
				COPY_PHASE_STRIP = NO;
				DEBUG_INFORMATION_FORMAT = dwarf;
				ENABLE_STRICT_OBJC_MSGSEND = YES;
				ENABLE_TESTABILITY = YES;
				ENABLE_USER_SCRIPT_SANDBOXING = YES;
				GCC_C_LANGUAGE_STANDARD = gnu17;
				GCC_DYNAMIC_NO_PIC = NO;
				GCC_NO_COMMON_BLOCKS = YES;
				GCC_OPTIMIZATION_LEVEL = 0;
				GCC_PREPROCESSOR_DEFINITIONS = (
					"DEBUG=1",
					"$(inherited)",
				);
				GCC_WARN_64_TO_32_BIT_CONVERSION = YES;
				GCC_WARN_ABOUT_RETURN_TYPE = YES_ERROR;
				GCC_WARN_UNDECLARED_SELECTOR = YES;
				GCC_WARN_UNINITIALIZED_AUTOS = YES_AGGRESSIVE;
				GCC_WARN_UNUSED_FUNCTION = YES;
				GCC_WARN_UNUSED_VARIABLE = YES;
				LOCALIZATION_PREFERS_STRING_CATALOGS = YES;
				MACOSX_DEPLOYMENT_TARGET = 15.5;
				MTL_ENABLE_DEBUG_INFO = INCLUDE_SOURCE;
				MTL_FAST_MATH = YES;
				ONLY_ACTIVE_ARCH = YES;
				SDKROOT = macosx;
				SWIFT_ACTIVE_COMPILATION_CONDITIONS = "DEBUG $(inherited)";
				SWIFT_OPTIMIZATION_LEVEL = "-Onone";
			};
			name = Debug;
		};
		7627CAB92E479AF60098B7F3 /* Release */ = {
			isa = XCBuildConfiguration;
			buildSettings = {
				ALWAYS_SEARCH_USER_PATHS = NO;
				ASSETCATALOG_COMPILER_GENERATE_SWIFT_ASSET_SYMBOL_EXTENSIONS = YES;
				CLANG_ANALYZER_NONNULL = YES;
				CLANG_ANALYZER_NUMBER_OBJECT_CONVERSION = YES_AGGRESSIVE;
				CLANG_CXX_LANGUAGE_STANDARD = "gnu++20";
				CLANG_ENABLE_MODULES = YES;
				CLANG_ENABLE_OBJC_ARC = YES;
				CLANG_ENABLE_OBJC_WEAK = YES;
				CLANG_WARN_BLOCK_CAPTURE_AUTORELEASING = YES;
				CLANG_WARN_BOOL_CONVERSION = YES;
				CLANG_WARN_COMMA = YES;
				CLANG_WARN_CONSTANT_CONVERSION = YES;
				CLANG_WARN_DEPRECATED_OBJC_IMPLEMENTATIONS = YES;
				CLANG_WARN_DIRECT_OBJC_ISA_USAGE = YES_ERROR;
				CLANG_WARN_DOCUMENTATION_COMMENTS = YES;
				CLANG_WARN_EMPTY_BODY = YES;
				CLANG_WARN_ENUM_CONVERSION = YES;
				CLANG_WARN_INFINITE_RECURSION = YES;
				CLANG_WARN_INT_CONVERSION = YES;
				CLANG_WARN_NON_LITERAL_NULL_CONVERSION = YES;
				CLANG_WARN_OBJC_IMPLICIT_RETAIN_SELF = YES;
				CLANG_WARN_OBJC_LITERAL_CONVERSION = YES;
				CLANG_WARN_OBJC_ROOT_CLASS = YES_ERROR;
				CLANG_WARN_QUOTED_INCLUDE_IN_FRAMEWORK_HEADER = YES;
				CLANG_WARN_RANGE_LOOP_ANALYSIS = YES;
				CLANG_WARN_STRICT_PROTOTYPES = YES;
				CLANG_WARN_SUSPICIOUS_MOVE = YES;
				CLANG_WARN_UNGUARDED_AVAILABILITY = YES_AGGRESSIVE;
				CLANG_WARN_UNREACHABLE_CODE = YES;
				CLANG_WARN__DUPLICATE_METHOD_MATCH = YES;
				COPY_PHASE_STRIP = NO;
				DEBUG_INFORMATION_FORMAT = "dwarf-with-dsym";
				ENABLE_NS_ASSERTIONS = NO;
				ENABLE_STRICT_OBJC_MSGSEND = YES;
				ENABLE_USER_SCRIPT_SANDBOXING = YES;
				GCC_C_LANGUAGE_STANDARD = gnu17;
				GCC_NO_COMMON_BLOCKS = YES;
				GCC_WARN_64_TO_32_BIT_CONVERSION = YES;
				GCC_WARN_ABOUT_RETURN_TYPE = YES_ERROR;
				GCC_WARN_UNDECLARED_SELECTOR = YES;
				GCC_WARN_UNINITIALIZED_AUTOS = YES_AGGRESSIVE;
				GCC_WARN_UNUSED_FUNCTION = YES;
				GCC_WARN_UNUSED_VARIABLE = YES;
				LOCALIZATION_PREFERS_STRING_CATALOGS = YES;
				MACOSX_DEPLOYMENT_TARGET = 15.5;
				MTL_ENABLE_DEBUG_INFO = NO;
				MTL_FAST_MATH = YES;
				SDKROOT = macosx;
				SWIFT_COMPILATION_MODE = wholemodule;
			};
			name = Release;
		};
		7627CABB2E479AF60098B7F3 /* Debug */ = {
			isa = XCBuildConfiguration;
			buildSettings = {
				ASSETCATALOG_COMPILER_APPICON_NAME = AppIcon;
				ASSETCATALOG_COMPILER_GLOBAL_ACCENT_COLOR_NAME = AccentColor;
				CODE_SIGN_ENTITLEMENTS = AUDNPR/AUDNPR.entitlements;
				CODE_SIGN_STYLE = Automatic;
				COMBINE_HIDPI_IMAGES = YES;
				CURRENT_PROJECT_VERSION = 1;
				ENABLE_PREVIEWS = YES;
				GENERATE_INFOPLIST_FILE = YES;
				INFOPLIST_KEY_NSHumanReadableCopyright = "";
				LD_RUNPATH_SEARCH_PATHS = (
					"$(inherited)",
					"@executable_path/../Frameworks",
				);
				MARKETING_VERSION = 1.0;
				PRODUCT_BUNDLE_IDENTIFIER = RajdipShah.AUDNPR;
				PRODUCT_NAME = "$(TARGET_NAME)";
				REGISTER_APP_GROUPS = YES;
				SWIFT_EMIT_LOC_STRINGS = YES;
				SWIFT_VERSION = 5.0;
			};
			name = Debug;
		};
		7627CABC2E479AF60098B7F3 /* Release */ = {
			isa = XCBuildConfiguration;
			buildSettings = {
				ASSETCATALOG_COMPILER_APPICON_NAME = AppIcon;
				ASSETCATALOG_COMPILER_GLOBAL_ACCENT_COLOR_NAME = AccentColor;
				CODE_SIGN_ENTITLEMENTS = AUDNPR/AUDNPR.entitlements;
				CODE_SIGN_STYLE = Automatic;
				COMBINE_HIDPI_IMAGES = YES;
				CURRENT_PROJECT_VERSION = 1;
				ENABLE_PREVIEWS = YES;
				GENERATE_INFOPLIST_FILE = YES;
				INFOPLIST_KEY_NSHumanReadableCopyright = "";
				LD_RUNPATH_SEARCH_PATHS = (
					"$(inherited)",
					"@executable_path/../Frameworks",
				);
				MARKETING_VERSION = 1.0;
				PRODUCT_BUNDLE_IDENTIFIER = RajdipShah.AUDNPR;
				PRODUCT_NAME = "$(TARGET_NAME)";
				REGISTER_APP_GROUPS = YES;
				SWIFT_EMIT_LOC_STRINGS = YES;
				SWIFT_VERSION = 5.0;
			};
			name = Release;
		};
		7627CAD72E479B1B0098B7F3 /* Debug */ = {
			isa = XCBuildConfiguration;
			buildSettings = {
				ASSETCATALOG_COMPILER_GLOBAL_ACCENT_COLOR_NAME = AccentColor;
				ASSETCATALOG_COMPILER_WIDGET_BACKGROUND_COLOR_NAME = WidgetBackground;
				CODE_SIGN_ENTITLEMENTS = AUDNPRwidget/AUDNPRwidget.entitlements;
				CODE_SIGN_STYLE = Automatic;
				CURRENT_PROJECT_VERSION = 1;
				GENERATE_INFOPLIST_FILE = YES;
				INFOPLIST_FILE = AUDNPRwidget/Info.plist;
				INFOPLIST_KEY_CFBundleDisplayName = AUDNPRwidget;
				INFOPLIST_KEY_NSHumanReadableCopyright = "";
				LD_RUNPATH_SEARCH_PATHS = (
					"$(inherited)",
					"@executable_path/../Frameworks",
					"@executable_path/../../../../Frameworks",
				);
				MACOSX_DEPLOYMENT_TARGET = 14.0;
				MARKETING_VERSION = 1.0;
				PRODUCT_BUNDLE_IDENTIFIER = RajdipShah.AUDNPR.AUDNPRwidget;
				PRODUCT_NAME = "$(TARGET_NAME)";
				SKIP_INSTALL = YES;
				SWIFT_EMIT_LOC_STRINGS = YES;
				SWIFT_VERSION = 5.0;
			};
			name = Debug;
		};
		7627CAD82E479B1B0098B7F3 /* Release */ = {
			isa = XCBuildConfiguration;
			buildSettings = {
				ASSETCATALOG_COMPILER_GLOBAL_ACCENT_COLOR_NAME = AccentColor;
				ASSETCATALOG_COMPILER_WIDGET_BACKGROUND_COLOR_NAME = WidgetBackground;
				CODE_SIGN_ENTITLEMENTS = AUDNPRwidget/AUDNPRwidget.entitlements;
				CODE_SIGN_STYLE = Automatic;
				CURRENT_PROJECT_VERSION = 1;
				GENERATE_INFOPLIST_FILE = YES;
				INFOPLIST_FILE = AUDNPRwidget/Info.plist;
				INFOPLIST_KEY_CFBundleDisplayName = AUDNPRwidget;
				INFOPLIST_KEY_NSHumanReadableCopyright = "";
				LD_RUNPATH_SEARCH_PATHS = (
					"$(inherited)",
					"@executable_path/../Frameworks",
					"@executable_path/../../../../Frameworks",
				);
				MACOSX_DEPLOYMENT_TARGET = 14.0;
				MARKETING_VERSION = 1.0;
				PRODUCT_BUNDLE_IDENTIFIER = RajdipShah.AUDNPR.AUDNPRwidget;
				PRODUCT_NAME = "$(TARGET_NAME)";
				SKIP_INSTALL = YES;
				SWIFT_EMIT_LOC_STRINGS = YES;
				SWIFT_VERSION = 5.0;
			};
			name = Release;
		};
/* End XCBuildConfiguration section */

/* Begin XCConfigurationList section */
		7627CAA92E479AF30098B7F3 /* Build configuration list for PBXProject "AUDNPR" */ = {
			isa = XCConfigurationList;
			buildConfigurations = (
				7627CAB82E479AF60098B7F3 /* Debug */,
				7627CAB92E479AF60098B7F3 /* Release */,
			);
			defaultConfigurationIsVisible = 0;
			defaultConfigurationName = Release;
		};
		7627CABA2E479AF60098B7F3 /* Build configuration list for PBXNativeTarget "AUDNPR" */ = {
			isa = XCConfigurationList;
			buildConfigurations = (
				7627CABB2E479AF60098B7F3 /* Debug */,
				7627CABC2E479AF60098B7F3 /* Release */,
			);
			defaultConfigurationIsVisible = 0;
			defaultConfigurationName = Release;
		};
		7627CAD62E479B1B0098B7F3 /* Build configuration list for PBXNativeTarget "AUDNPRwidgetExtension" */ = {
			isa = XCConfigurationList;
			buildConfigurations = (
				7627CAD72E479B1B0098B7F3 /* Debug */,
				7627CAD82E479B1B0098B7F3 /* Release */,
			);
			defaultConfigurationIsVisible = 0;
			defaultConfigurationName = Release;
		};
/* End XCConfigurationList section */
	};
	rootObject = 7627CAA62E479AF30098B7F3 /* Project object */;
}
